<?xml version="1.0" encoding="UTF-8" standalone="yes" ?>
<CodeBlocks_project_file>
	<FileVersion major="1" minor="6" />
	<Project>
		<Option title="2dthing" />
		<Option pch_mode="2" />
		<Option compiler="gcc" />
		<Build>
			<Target title="Debug">
				<Option output="2dthing" prefix_auto="1" extension_auto="1" />
				<Option object_output="obj/debug/" />
				<Option type="1" />
				<Option compiler="gcc" />
				<Compiler>
					<Add option="-g" />
				</Compiler>
			</Target>
			<Target title="Release">
				<Option output="2dthing" prefix_auto="1" extension_auto="1" />
				<Option object_output="obj/release/" />
				<Option type="1" />
				<Option compiler="gcc" />
				<Compiler>
					<Add option="-O2" />
				</Compiler>
				<Linker>
					<Add option="-s" />
				</Linker>
			</Target>
		</Build>
		<Compiler>
			<Add option="-std=c++11" />
			<Add option="-Wall" />
			<Add directory="include" />
		</Compiler>
		<Linker>
			<Add library="SDL" />
			<Add library="SDL_image" />
		</Linker>
		<Unit filename="include/Bitmap.h" />
		<Unit filename="include/BitmapSlicer.h" />
		<Unit filename="include/Camera.h" />
		<Unit filename="include/Color.h" />
		<Unit filename="include/Font.h" />
		<Unit filename="include/Gui.h" />
		<Unit filename="include/ImageLoader.h" />
		<Unit filename="include/NormalFont.h" />
		<Unit filename="include/Palette.h" />
		<Unit filename="include/PaletteManager.h" />
		<Unit filename="include/Screen.h" />
		<Unit filename="include/StaticTile.h" />
		<Unit filename="include/StringUtil.h" />
		<Unit filename="include/Tile.h" />
		<Unit filename="include/TileSetManager.h" />
		<Unit filename="include/World.h" />
		<Unit filename="src/Bitmap.cpp" />
		<Unit filename="src/BitmapSlicer.cpp" />
		<Unit filename="src/Camera.cpp" />
		<Unit filename="src/Color.cpp" />
		<Unit filename="src/Font.cpp" />
		<Unit filename="src/Gui.cpp" />
		<Unit filename="src/ImageLoader.cpp" />
		<Unit filename="src/NormalFont.cpp" />
		<Unit filename="src/Palette.cpp" />
		<Unit filename="src/PaletteManager.cpp" />
		<Unit filename="src/Screen.cpp" />
		<Unit filename="src/StaticTile.cpp" />
		<Unit filename="src/Tile.cpp" />
		<Unit filename="src/TileSetManager.cpp" />
		<Unit filename="src/World.cpp" />
		<Unit filename="src/main.cpp" />
		<Extensions>
			<envvars />
			<code_completion />
			<lib_finder disable_auto="1" />
			<debugger />
		</Extensions>
	</Project>
</CodeBlocks_project_file>
